// !$*UTF8*$!
{
	archiveVersion = 1;
	classes = {
	};
	objectVersion = 77;
	objects = {

/* Begin PBXContainerItemProxy section */
		6CCBE4B92CE8CD5C007F73AC /* PBXContainerItemProxy */ = {
			isa = PBXContainerItemProxy;
			containerPortal = 6CCBE49A2CE8CD5A007F73AC /* Project object */;
			proxyType = 1;
			remoteGlobalIDString = 6CCBE4A12CE8CD5A007F73AC;
			remoteInfo = swiftStoryboard;
		};
		6CCBE4C32CE8CD5C007F73AC /* PBXContainerItemProxy */ = {
			isa = PBXContainerItemProxy;
			containerPortal = 6CCBE49A2CE8CD5A007F73AC /* Project object */;
			proxyType = 1;
			remoteGlobalIDString = 6CCBE4A12CE8CD5A007F73AC;
			remoteInfo = swiftStoryboard;
		};
/* End PBXContainerItemProxy section */

/* Begin PBXFileReference section */
		6CCBE4A22CE8CD5A007F73AC /* swiftStoryboard.app */ = {isa = PBXFileReference; explicitFileType = wrapper.application; includeInIndex = 0; path = swiftStoryboard.app; sourceTree = BUILT_PRODUCTS_DIR; };
		6CCBE4B82CE8CD5C007F73AC /* swiftStoryboardTests.xctest */ = {isa = PBXFileReference; explicitFileType = wrapper.cfbundle; includeInIndex = 0; path = swiftStoryboardTests.xctest; sourceTree = BUILT_PRODUCTS_DIR; };
		6CCBE4C22CE8CD5C007F73AC /* swiftStoryboardUITests.xctest */ = {isa = PBXFileReference; explicitFileType = wrapper.cfbundle; includeInIndex = 0; path = swiftStoryboardUITests.xctest; sourceTree = BUILT_PRODUCTS_DIR; };
/* End PBXFileReference section */

/* Begin PBXFileSystemSynchronizedBuildFileExceptionSet section */
		6CCBE4CA2CE8CD5C007F73AC /* Exceptions for "swiftStoryboard" folder in "swiftStoryboard" target */ = {
			isa = PBXFileSystemSynchronizedBuildFileExceptionSet;
			membershipExceptions = (
				Info.plist,
			);
			target = 6CCBE4A12CE8CD5A007F73AC /* swiftStoryboard */;
		};
/* End PBXFileSystemSynchronizedBuildFileExceptionSet section */

/* Begin PBXFileSystemSynchronizedRootGroup section */
		6CCBE4A42CE8CD5A007F73AC /* swiftStoryboard */ = {
			isa = PBXFileSystemSynchronizedRootGroup;
			exceptions = (
				6CCBE4CA2CE8CD5C007F73AC /* Exceptions for "swiftStoryboard" folder in "swiftStoryboard" target */,
			);
			path = swiftStoryboard;
			sourceTree = "<group>";
		};
		6CCBE4BB2CE8CD5C007F73AC /* swiftStoryboardTests */ = {
			isa = PBXFileSystemSynchronizedRootGroup;
			path = swiftStoryboardTests;
			sourceTree = "<group>";
		};
		6CCBE4C52CE8CD5C007F73AC /* swiftStoryboardUITests */ = {
			isa = PBXFileSystemSynchronizedRootGroup;
			path = swiftStoryboardUITests;
			sourceTree = "<group>";
		};
/* End PBXFileSystemSynchronizedRootGroup section */

/* Begin PBXFrameworksBuildPhase section */
		6CCBE49F2CE8CD5A007F73AC /* Frameworks */ = {
			isa = PBXFrameworksBuildPhase;
			buildActionMask = 2147483647;
			files = (
			);
			runOnlyForDeploymentPostprocessing = 0;
		};
		6CCBE4B52CE8CD5C007F73AC /* Frameworks */ = {
			isa = PBXFrameworksBuildPhase;
			buildActionMask = 2147483647;
			files = (
			);
			runOnlyForDeploymentPostprocessing = 0;
		};
		6CCBE4BF2CE8CD5C007F73AC /* Frameworks */ = {
			isa = PBXFrameworksBuildPhase;
			buildActionMask = 2147483647;
			files = (
			);
			runOnlyForDeploymentPostprocessing = 0;
		};
/* End PBXFrameworksBuildPhase section */

/* Begin PBXGroup section */
		6CCBE4992CE8CD5A007F73AC = {
			isa = PBXGroup;
			children = (
				6CCBE4A42CE8CD5A007F73AC /* swiftStoryboard */,
				6CCBE4BB2CE8CD5C007F73AC /* swiftStoryboardTests */,
				6CCBE4C52CE8CD5C007F73AC /* swiftStoryboardUITests */,
				6CCBE4A32CE8CD5A007F73AC /* Products */,
			);
			sourceTree = "<group>";
		};
		6CCBE4A32CE8CD5A007F73AC /* Products */ = {
			isa = PBXGroup;
			children = (
				6CCBE4A22CE8CD5A007F73AC /* swiftStoryboard.app */,
				6CCBE4B82CE8CD5C007F73AC /* swiftStoryboardTests.xctest */,
				6CCBE4C22CE8CD5C007F73AC /* swiftStoryboardUITests.xctest */,
			);
			name = Products;
			sourceTree = "<group>";
		};
/* End PBXGroup section */

/* Begin PBXNativeTarget section */
		6CCBE4A12CE8CD5A007F73AC /* swiftStoryboard */ = {
			isa = PBXNativeTarget;
			buildConfigurationList = 6CCBE4CB2CE8CD5C007F73AC /* Build configuration list for PBXNativeTarget "swiftStoryboard" */;
			buildPhases = (
				6CCBE49E2CE8CD5A007F73AC /* Sources */,
				6CCBE49F2CE8CD5A007F73AC /* Frameworks */,
				6CCBE4A02CE8CD5A007F73AC /* Resources */,
			);
			buildRules = (
			);
			dependencies = (
			);
			fileSystemSynchronizedGroups = (
				6CCBE4A42CE8CD5A007F73AC /* swiftStoryboard */,
			);
			name = swiftStoryboard;
			packageProductDependencies = (
			);
			productName = swiftStoryboard;
			productReference = 6CCBE4A22CE8CD5A007F73AC /* swiftStoryboard.app */;
			productType = "com.apple.product-type.application";
		};
		6CCBE4B72CE8CD5C007F73AC /* swiftStoryboardTests */ = {
			isa = PBXNativeTarget;
			buildConfigurationList = 6CCBE4D02CE8CD5C007F73AC /* Build configuration list for PBXNativeTarget "swiftStoryboardTests" */;
			buildPhases = (
				6CCBE4B42CE8CD5C007F73AC /* Sources */,
				6CCBE4B52CE8CD5C007F73AC /* Frameworks */,
				6CCBE4B62CE8CD5C007F73AC /* Resources */,
			);
			buildRules = (
			);
			dependencies = (
				6CCBE4BA2CE8CD5C007F73AC /* PBXTargetDependency */,
			);
			fileSystemSynchronizedGroups = (
				6CCBE4BB2CE8CD5C007F73AC /* swiftStoryboardTests */,
			);
			name = swiftStoryboardTests;
			packageProductDependencies = (
			);
			productName = swiftStoryboardTests;
			productReference = 6CCBE4B82CE8CD5C007F73AC /* swiftStoryboardTests.xctest */;
			productType = "com.apple.product-type.bundle.unit-test";
		};
		6CCBE4C12CE8CD5C007F73AC /* swiftStoryboardUITests */ = {
			isa = PBXNativeTarget;
			buildConfigurationList = 6CCBE4D32CE8CD5C007F73AC /* Build configuration list for PBXNativeTarget "swiftStoryboardUITests" */;
			buildPhases = (
				6CCBE4BE2CE8CD5C007F73AC /* Sources */,
				6CCBE4BF2CE8CD5C007F73AC /* Frameworks */,
				6CCBE4C02CE8CD5C007F73AC /* Resources */,
			);
			buildRules = (
			);
			dependencies = (
				6CCBE4C42CE8CD5C007F73AC /* PBXTargetDependency */,
			);
			fileSystemSynchronizedGroups = (
				6CCBE4C52CE8CD5C007F73AC /* swiftStoryboardUITests */,
			);
			name = swiftStoryboardUITests;
			packageProductDependencies = (
			);
			productName = swiftStoryboardUITests;
			productReference = 6CCBE4C22CE8CD5C007F73AC /* swiftStoryboardUITests.xctest */;
			productType = "com.apple.product-type.bundle.ui-testing";
		};
/* End PBXNativeTarget section */

/* Begin PBXProject section */
		6CCBE49A2CE8CD5A007F73AC /* Project object */ = {
			isa = PBXProject;
			attributes = {
				BuildIndependentTargetsInParallel = 1;
				LastSwiftUpdateCheck = 1600;
				LastUpgradeCheck = 1600;
				TargetAttributes = {
					6CCBE4A12CE8CD5A007F73AC = {
						CreatedOnToolsVersion = 16.0;
					};
					6CCBE4B72CE8CD5C007F73AC = {
						CreatedOnToolsVersion = 16.0;
						TestTargetID = 6CCBE4A12CE8CD5A007F73AC;
					};
					6CCBE4C12CE8CD5C007F73AC = {
						CreatedOnToolsVersion = 16.0;
						TestTargetID = 6CCBE4A12CE8CD5A007F73AC;
					};
				};
			};
			buildConfigurationList = 6CCBE49D2CE8CD5A007F73AC /* Build configuration list for PBXProject "swiftStoryboard" */;
			developmentRegion = en;
			hasScannedForEncodings = 0;
			knownRegions = (
				en,
				Base,
			);
			mainGroup = 6CCBE4992CE8CD5A007F73AC;
			minimizedProjectReferenceProxies = 1;
			preferredProjectObjectVersion = 77;
			productRefGroup = 6CCBE4A32CE8CD5A007F73AC /* Products */;
			projectDirPath = "";
			projectRoot = "";
			targets = (
				6CCBE4A12CE8CD5A007F73AC /* swiftStoryboard */,
				6CCBE4B72CE8CD5C007F73AC /* swiftStoryboardTests */,
				6CCBE4C12CE8CD5C007F73AC /* swiftStoryboardUITests */,
			);
		};
/* End PBXProject section */

/* Begin PBXResourcesBuildPhase section */
		6CCBE4A02CE8CD5A007F73AC /* Resources */ = {
			isa = PBXResourcesBuildPhase;
			buildActionMask = 2147483647;
			files = (
			);
			runOnlyForDeploymentPostprocessing = 0;
		};
		6CCBE4B62CE8CD5C007F73AC /* Resources */ = {
			isa = PBXResourcesBuildPhase;
			buildActionMask = 2147483647;
			files = (
			);
			runOnlyForDeploymentPostprocessing = 0;
		};
		6CCBE4C02CE8CD5C007F73AC /* Resources */ = {
			isa = PBXResourcesBuildPhase;
			buildActionMask = 2147483647;
			files = (
			);
			runOnlyForDeploymentPostprocessing = 0;
		};
/* End PBXResourcesBuildPhase section */

/* Begin PBXSourcesBuildPhase section */
		6CCBE49E2CE8CD5A007F73AC /* Sources */ = {
			isa = PBXSourcesBuildPhase;
			buildActionMask = 2147483647;
			files = (
			);
			runOnlyForDeploymentPostprocessing = 0;
		};
		6CCBE4B42CE8CD5C007F73AC /* Sources */ = {
			isa = PBXSourcesBuildPhase;
			buildActionMask = 2147483647;
			files = (
			);
			runOnlyForDeploymentPostprocessing = 0;
		};
		6CCBE4BE2CE8CD5C007F73AC /* Sources */ = {
			isa = PBXSourcesBuildPhase;
			buildActionMask = 2147483647;
			files = (
			);
			runOnlyForDeploymentPostprocessing = 0;
		};
/* End PBXSourcesBuildPhase section */

/* Begin PBXTargetDependency section */
		6CCBE4BA2CE8CD5C007F73AC /* PBXTargetDependency */ = {
			isa = PBXTargetDependency;
			target = 6CCBE4A12CE8CD5A007F73AC /* swiftStoryboard */;
			targetProxy = 6CCBE4B92CE8CD5C007F73AC /* PBXContainerItemProxy */;
		};
		6CCBE4C42CE8CD5C007F73AC /* PBXTargetDependency */ = {
			isa = PBXTargetDependency;
			target = 6CCBE4A12CE8CD5A007F73AC /* swiftStoryboard */;
			targetProxy = 6CCBE4C32CE8CD5C007F73AC /* PBXContainerItemProxy */;
		};
/* End PBXTargetDependency section */

/* Begin XCBuildConfiguration section */
		6CCBE4CC2CE8CD5C007F73AC /* Debug */ = {
			isa = XCBuildConfiguration;
			buildSettings = {
				ASSETCATALOG_COMPILER_APPICON_NAME = AppIcon;
				ASSETCATALOG_COMPILER_GLOBAL_ACCENT_COLOR_NAME = AccentColor;
				CODE_SIGN_STYLE = Automatic;
				CURRENT_PROJECT_VERSION = 1;
				GENERATE_INFOPLIST_FILE = YES;
				INFOPLIST_FILE = swiftStoryboard/Info.plist;
				INFOPLIST_KEY_UIApplicationSupportsIndirectInputEvents = YES;
				INFOPLIST_KEY_UILaunchStoryboardName = LaunchScreen;
				INFOPLIST_KEY_UIMainStoryboardFile = Main;
				INFOPLIST_KEY_UISupportedInterfaceOrientations_iPad = "UIInterfaceOrientationPortrait UIInterfaceOrientationPortraitUpsideDown UIInterfaceOrientationLandscapeLeft UIInterfaceOrientationLandscapeRight";
				INFOPLIST_KEY_UISupportedInterfaceOrientations_iPhone = "UIInterfaceOrientationPortrait UIInterfaceOrientationLandscapeLeft UIInterfaceOrientationLandscapeRight";
				LD_RUNPATH_SEARCH_PATHS = (
					"$(inherited)",
					"@executable_path/Frameworks",
				);
				MARKETING_VERSION = 1.0;
				PRODUCT_BUNDLE_IDENTIFIER = com.countDownTimer.swiftStoryboard;
				PRODUCT_NAME = "$(TARGET_NAME)";
				SWIFT_EMIT_LOC_STRINGS = YES;
				SWIFT_VERSION = 5.0;
				TARGETED_DEVICE_FAMILY = "1,2";
			};
			name = Debug;
		};
		6CCBE4CD2CE8CD5C007F73AC /* Release */ = {
			isa = XCBuildConfiguration;
			buildSettings = {
				ASSETCATALOG_COMPILER_APPICON_NAME = AppIcon;
				ASSETCATALOG_COMPILER_GLOBAL_ACCENT_COLOR_NAME = AccentColor;
				CODE_SIGN_STYLE = Automatic;
				CURRENT_PROJECT_VERSION = 1;
				GENERATE_INFOPLIST_FILE = YES;
				INFOPLIST_FILE = swiftStoryboard/Info.plist;
				INFOPLIST_KEY_UIApplicationSupportsIndirectInputEvents = YES;
				INFOPLIST_KEY_UILaunchStoryboardName = LaunchScreen;
				INFOPLIST_KEY_UIMainStoryboardFile = Main;
				INFOPLIST_KEY_UISupportedInterfaceOrientations_iPad = "UIInterfaceOrientationPortrait UIInterfaceOrientationPortraitUpsideDown UIInterfaceOrientationLandscapeLeft UIInterfaceOrientationLandscapeRight";
				INFOPLIST_KEY_UISupportedInterfaceOrientations_iPhone = "UIInterfaceOrientationPortrait UIInterfaceOrientationLandscapeLeft UIInterfaceOrientationLandscapeRight";
				LD_RUNPATH_SEARCH_PATHS = (
					"$(inherited)",
					"@executable_path/Frameworks",
				);
				MARKETING_VERSION = 1.0;
				PRODUCT_BUNDLE_IDENTIFIER = com.countDownTimer.swiftStoryboard;
				PRODUCT_NAME = "$(TARGET_NAME)";
				SWIFT_EMIT_LOC_STRINGS = YES;
				SWIFT_VERSION = 5.0;
				TARGETED_DEVICE_FAMILY = "1,2";
			};
			name = Release;
		};
		6CCBE4CE2CE8CD5C007F73AC /* Debug */ = {
			isa = XCBuildConfiguration;
			buildSettings = {
				ALWAYS_SEARCH_USER_PATHS = NO;
				ASSETCATALOG_COMPILER_GENERATE_SWIFT_ASSET_SYMBOL_EXTENSIONS = YES;
				CLANG_ANALYZER_NONNULL = YES;
				CLANG_ANALYZER_NUMBER_OBJECT_CONVERSION = YES_AGGRESSIVE;
				CLANG_CXX_LANGUAGE_STANDARD = "gnu++20";
				CLANG_ENABLE_MODULES = YES;
				CLANG_ENABLE_OBJC_ARC = YES;
				CLANG_ENABLE_OBJC_WEAK = YES;
				CLANG_WARN_BLOCK_CAPTURE_AUTORELEASING = YES;
				CLANG_WARN_BOOL_CONVERSION = YES;
				CLANG_WARN_COMMA = YES;
				CLANG_WARN_CONSTANT_CONVERSION = YES;
				CLANG_WARN_DEPRECATED_OBJC_IMPLEMENTATIONS = YES;
				CLANG_WARN_DIRECT_OBJC_ISA_USAGE = YES_ERROR;
				CLANG_WARN_DOCUMENTATION_COMMENTS = YES;
				CLANG_WARN_EMPTY_BODY = YES;
				CLANG_WARN_ENUM_CONVERSION = YES;
				CLANG_WARN_INFINITE_RECURSION = YES;
				CLANG_WARN_INT_CONVERSION = YES;
				CLANG_WARN_NON_LITERAL_NULL_CONVERSION = YES;
				CLANG_WARN_OBJC_IMPLICIT_RETAIN_SELF = YES;
				CLANG_WARN_OBJC_LITERAL_CONVERSION = YES;
				CLANG_WARN_OBJC_ROOT_CLASS = YES_ERROR;
				CLANG_WARN_QUOTED_INCLUDE_IN_FRAMEWORK_HEADER = YES;
				CLANG_WARN_RANGE_LOOP_ANALYSIS = YES;
				CLANG_WARN_STRICT_PROTOTYPES = YES;
				CLANG_WARN_SUSPICIOUS_MOVE = YES;
				CLANG_WARN_UNGUARDED_AVAILABILITY = YES_AGGRESSIVE;
				CLANG_WARN_UNREACHABLE_CODE = YES;
				CLANG_WARN__DUPLICATE_METHOD_MATCH = YES;
				COPY_PHASE_STRIP = NO;
				DEBUG_INFORMATION_FORMAT = dwarf;
				ENABLE_STRICT_OBJC_MSGSEND = YES;
				ENABLE_TESTABILITY = YES;
				ENABLE_USER_SCRIPT_SANDBOXING = YES;
				GCC_C_LANGUAGE_STANDARD = gnu17;
				GCC_DYNAMIC_NO_PIC = NO;
				GCC_NO_COMMON_BLOCKS = YES;
				GCC_OPTIMIZATION_LEVEL = 0;
				GCC_PREPROCESSOR_DEFINITIONS = (
					"DEBUG=1",
					"$(inherited)",
				);
				GCC_WARN_64_TO_32_BIT_CONVERSION = YES;
				GCC_WARN_ABOUT_RETURN_TYPE = YES_ERROR;
				GCC_WARN_UNDECLARED_SELECTOR = YES;
				GCC_WARN_UNINITIALIZED_AUTOS = YES_AGGRESSIVE;
				GCC_WARN_UNUSED_FUNCTION = YES;
				GCC_WARN_UNUSED_VARIABLE = YES;
				IPHONEOS_DEPLOYMENT_TARGET = 18.0;
				LOCALIZATION_PREFERS_STRING_CATALOGS = YES;
				MTL_ENABLE_DEBUG_INFO = INCLUDE_SOURCE;
				MTL_FAST_MATH = YES;
				ONLY_ACTIVE_ARCH = YES;
				SDKROOT = iphoneos;
				SWIFT_ACTIVE_COMPILATION_CONDITIONS = "DEBUG $(inherited)";
				SWIFT_OPTIMIZATION_LEVEL = "-Onone";
			};
			name = Debug;
		};
		6CCBE4CF2CE8CD5C007F73AC /* Release */ = {
			isa = XCBuildConfiguration;
			buildSettings = {
				ALWAYS_SEARCH_USER_PATHS = NO;
				ASSETCATALOG_COMPILER_GENERATE_SWIFT_ASSET_SYMBOL_EXTENSIONS = YES;
				CLANG_ANALYZER_NONNULL = YES;
				CLANG_ANALYZER_NUMBER_OBJECT_CONVERSION = YES_AGGRESSIVE;
				CLANG_CXX_LANGUAGE_STANDARD = "gnu++20";
				CLANG_ENABLE_MODULES = YES;
				CLANG_ENABLE_OBJC_ARC = YES;
				CLANG_ENABLE_OBJC_WEAK = YES;
				CLANG_WARN_BLOCK_CAPTURE_AUTORELEASING = YES;
				CLANG_WARN_BOOL_CONVERSION = YES;
				CLANG_WARN_COMMA = YES;
				CLANG_WARN_CONSTANT_CONVERSION = YES;
				CLANG_WARN_DEPRECATED_OBJC_IMPLEMENTATIONS = YES;
				CLANG_WARN_DIRECT_OBJC_ISA_USAGE = YES_ERROR;
				CLANG_WARN_DOCUMENTATION_COMMENTS = YES;
				CLANG_WARN_EMPTY_BODY = YES;
				CLANG_WARN_ENUM_CONVERSION = YES;
				CLANG_WARN_INFINITE_RECURSION = YES;
				CLANG_WARN_INT_CONVERSION = YES;
				CLANG_WARN_NON_LITERAL_NULL_CONVERSION = YES;
				CLANG_WARN_OBJC_IMPLICIT_RETAIN_SELF = YES;
				CLANG_WARN_OBJC_LITERAL_CONVERSION = YES;
				CLANG_WARN_OBJC_ROOT_CLASS = YES_ERROR;
				CLANG_WARN_QUOTED_INCLUDE_IN_FRAMEWORK_HEADER = YES;
				CLANG_WARN_RANGE_LOOP_ANALYSIS = YES;
				CLANG_WARN_STRICT_PROTOTYPES = YES;
				CLANG_WARN_SUSPICIOUS_MOVE = YES;
				CLANG_WARN_UNGUARDED_AVAILABILITY = YES_AGGRESSIVE;
				CLANG_WARN_UNREACHABLE_CODE = YES;
				CLANG_WARN__DUPLICATE_METHOD_MATCH = YES;
				COPY_PHASE_STRIP = NO;
				DEBUG_INFORMATION_FORMAT = "dwarf-with-dsym";
				ENABLE_NS_ASSERTIONS = NO;
				ENABLE_STRICT_OBJC_MSGSEND = YES;
				ENABLE_USER_SCRIPT_SANDBOXING = YES;
				GCC_C_LANGUAGE_STANDARD = gnu17;
				GCC_NO_COMMON_BLOCKS = YES;
				GCC_WARN_64_TO_32_BIT_CONVERSION = YES;
				GCC_WARN_ABOUT_RETURN_TYPE = YES_ERROR;
				GCC_WARN_UNDECLARED_SELECTOR = YES;
				GCC_WARN_UNINITIALIZED_AUTOS = YES_AGGRESSIVE;
				GCC_WARN_UNUSED_FUNCTION = YES;
				GCC_WARN_UNUSED_VARIABLE = YES;
				IPHONEOS_DEPLOYMENT_TARGET = 18.0;
				LOCALIZATION_PREFERS_STRING_CATALOGS = YES;
				MTL_ENABLE_DEBUG_INFO = NO;
				MTL_FAST_MATH = YES;
				SDKROOT = iphoneos;
				SWIFT_COMPILATION_MODE = wholemodule;
				VALIDATE_PRODUCT = YES;
			};
			name = Release;
		};
		6CCBE4D12CE8CD5C007F73AC /* Debug */ = {
			isa = XCBuildConfiguration;
			buildSettings = {
				BUNDLE_LOADER = "$(TEST_HOST)";
				CODE_SIGN_STYLE = Automatic;
				CURRENT_PROJECT_VERSION = 1;
				GENERATE_INFOPLIST_FILE = YES;
				IPHONEOS_DEPLOYMENT_TARGET = 18.0;
				MARKETING_VERSION = 1.0;
				PRODUCT_BUNDLE_IDENTIFIER = com.countDownTimer.swiftStoryboardTests;
				PRODUCT_NAME = "$(TARGET_NAME)";
				SWIFT_EMIT_LOC_STRINGS = NO;
				SWIFT_VERSION = 5.0;
				TARGETED_DEVICE_FAMILY = "1,2";
				TEST_HOST = "$(BUILT_PRODUCTS_DIR)/swiftStoryboard.app/$(BUNDLE_EXECUTABLE_FOLDER_PATH)/swiftStoryboard";
			};
			name = Debug;
		};
		6CCBE4D22CE8CD5C007F73AC /* Release */ = {
			isa = XCBuildConfiguration;
			buildSettings = {
				BUNDLE_LOADER = "$(TEST_HOST)";
				CODE_SIGN_STYLE = Automatic;
				CURRENT_PROJECT_VERSION = 1;
				GENERATE_INFOPLIST_FILE = YES;
				IPHONEOS_DEPLOYMENT_TARGET = 18.0;
				MARKETING_VERSION = 1.0;
				PRODUCT_BUNDLE_IDENTIFIER = com.countDownTimer.swiftStoryboardTests;
				PRODUCT_NAME = "$(TARGET_NAME)";
				SWIFT_EMIT_LOC_STRINGS = NO;
				SWIFT_VERSION = 5.0;
				TARGETED_DEVICE_FAMILY = "1,2";
				TEST_HOST = "$(BUILT_PRODUCTS_DIR)/swiftStoryboard.app/$(BUNDLE_EXECUTABLE_FOLDER_PATH)/swiftStoryboard";
			};
			name = Release;
		};
		6CCBE4D42CE8CD5C007F73AC /* Debug */ = {
			isa = XCBuildConfiguration;
			buildSettings = {
				CODE_SIGN_STYLE = Automatic;
				CURRENT_PROJECT_VERSION = 1;
				GENERATE_INFOPLIST_FILE = YES;
				MARKETING_VERSION = 1.0;
				PRODUCT_BUNDLE_IDENTIFIER = com.countDownTimer.swiftStoryboardUITests;
				PRODUCT_NAME = "$(TARGET_NAME)";
				SWIFT_EMIT_LOC_STRINGS = NO;
				SWIFT_VERSION = 5.0;
				TARGETED_DEVICE_FAMILY = "1,2";
				TEST_TARGET_NAME = swiftStoryboard;
			};
			name = Debug;
		};
		6CCBE4D52CE8CD5C007F73AC /* Release */ = {
			isa = XCBuildConfiguration;
			buildSettings = {
				CODE_SIGN_STYLE = Automatic;
				CURRENT_PROJECT_VERSION = 1;
				GENERATE_INFOPLIST_FILE = YES;
				MARKETING_VERSION = 1.0;
				PRODUCT_BUNDLE_IDENTIFIER = com.countDownTimer.swiftStoryboardUITests;
				PRODUCT_NAME = "$(TARGET_NAME)";
				SWIFT_EMIT_LOC_STRINGS = NO;
				SWIFT_VERSION = 5.0;
				TARGETED_DEVICE_FAMILY = "1,2";
				TEST_TARGET_NAME = swiftStoryboard;
			};
			name = Release;
		};
/* End XCBuildConfiguration section */

/* Begin XCConfigurationList section */
		6CCBE49D2CE8CD5A007F73AC /* Build configuration list for PBXProject "swiftStoryboard" */ = {
			isa = XCConfigurationList;
			buildConfigurations = (
				6CCBE4CE2CE8CD5C007F73AC /* Debug */,
				6CCBE4CF2CE8CD5C007F73AC /* Release */,
			);
			defaultConfigurationIsVisible = 0;
			defaultConfigurationName = Release;
		};
		6CCBE4CB2CE8CD5C007F73AC /* Build configuration list for PBXNativeTarget "swiftStoryboard" */ = {
			isa = XCConfigurationList;
			buildConfigurations = (
				6CCBE4CC2CE8CD5C007F73AC /* Debug */,
				6CCBE4CD2CE8CD5C007F73AC /* Release */,
			);
			defaultConfigurationIsVisible = 0;
			defaultConfigurationName = Release;
		};
		6CCBE4D02CE8CD5C007F73AC /* Build configuration list for PBXNativeTarget "swiftStoryboardTests" */ = {
			isa = XCConfigurationList;
			buildConfigurations = (
				6CCBE4D12CE8CD5C007F73AC /* Debug */,
				6CCBE4D22CE8CD5C007F73AC /* Release */,
			);
			defaultConfigurationIsVisible = 0;
			defaultConfigurationName = Release;
		};
		6CCBE4D32CE8CD5C007F73AC /* Build configuration list for PBXNativeTarget "swiftStoryboardUITests" */ = {
			isa = XCConfigurationList;
			buildConfigurations = (
				6CCBE4D42CE8CD5C007F73AC /* Debug */,
				6CCBE4D52CE8CD5C007F73AC /* Release */,
			);
			defaultConfigurationIsVisible = 0;
			defaultConfigurationName = Release;
		};
/* End XCConfigurationList section */
	};
	rootObject = 6CCBE49A2CE8CD5A007F73AC /* Project object */;
}
